
Microsoft Visual Studio Solution File, Format Version 12.00
# Visual Studio Version 16
VisualStudioVersion = 16.0.30204.135
MinimumVisualStudioVersion = 10.0.40219.1
Project("{FAE04EC0-301F-11D3-BF4B-00C04F79EFBC}") = "CarList", "CarList\CarList.csproj", "{B26C45BD-5731-412C-B3CE-4A87278082AB}"
EndProject
Global
	GlobalSection(SolutionConfigurationPlatforms) = preSolution
		Debug|Any CPU = Debug|Any CPU
		Release|Any CPU = Release|Any CPU
	EndGlobalSection
	GlobalSection(ProjectConfigurationPlatforms) = postSolution
		{B26C45BD-5731-412C-B3CE-4A87278082AB}.Debug|Any CPU.ActiveCfg = Debug|Any CPU
		{B26C45BD-5731-412C-B3CE-4A87278082AB}.Debug|Any CPU.Build.0 = Debug|Any CPU
		{B26C45BD-5731-412C-B3CE-4A87278082AB}.Release|Any CPU.ActiveCfg = Release|Any CPU
		{B26C45BD-5731-412C-B3CE-4A87278082AB}.Release|Any CPU.Build.0 = Release|Any CPU
	EndGlobalSection
	GlobalSection(SolutionProperties) = preSolution
		HideSolutionNode = FALSE
	EndGlobalSection
	GlobalSection(ExtensibilityGlobals) = postSolution
		SolutionGuid = {EC2C01BC-A4CF-4AD2-9F87-7F28B6D9620A}
	EndGlobalSection
EndGlobal
